{
  "name": "webcpp-xstate-oracle",
  "version": "0.1.0",
  "lockfileVersion": 3,
  "requires": true,
  "packages": {
    "": {
      "name": "webcpp-xstate-oracle",
      "version": "0.1.0",
      "dependencies": {
        "xstate": "5.33.2"
      }
    },
    "node_modules/xstate": {
      "version": "5.33.2",
      "resolved": "https://registry.npmjs.org/xstate/-/xstate-5.33.2.tgz",
      "integrity": "sha512-8tC7yXgeCvpT8gKEeEje6ikJJG1wpnoLiXe+HfECW8m10ubMd3QxKOwWA8KxPJVBcLwfdRoMKYxIBGYKmo37/A==",
      "license": "MIT",
      "funding": {
        "type": "opencollective",
        "url": "https://opencollective.com/xstate"
      }
    }
  }
}
